
Microsoft Visual Studio Solution File, Format Version 12.00
# Visual Studio Version 17
VisualStudioVersion = 17.1.32328.378
MinimumVisualStudioVersion = 10.0.40219.1
Project("{FAE04EC0-301F-11D3-BF4B-00C04F79EFBC}") = "FileHandlingProject2", "FileHandlingProject2\FileHandlingProject2.csproj", "{8D6CCB57-467B-432A-9296-02248BD7A1A0}"
EndProject
Global
	GlobalSection(SolutionConfigurationPlatforms) = preSolution
		Debug|Any CPU = Debug|Any CPU
		Release|Any CPU = Release|Any CPU
	EndGlobalSection
	GlobalSection(ProjectConfigurationPlatforms) = postSolution
		{8D6CCB57-467B-432A-9296-02248BD7A1A0}.Debug|Any CPU.ActiveCfg = Debug|Any CPU
		{8D6CCB57-467B-432A-9296-02248BD7A1A0}.Debug|Any CPU.Build.0 = Debug|Any CPU
		{8D6CCB57-467B-432A-9296-02248BD7A1A0}.Release|Any CPU.ActiveCfg = Release|Any CPU
		{8D6CCB57-467B-432A-9296-02248BD7A1A0}.Release|Any CPU.Build.0 = Release|Any CPU
	EndGlobalSection
	GlobalSection(SolutionProperties) = preSolution
		HideSolutionNode = FALSE
	EndGlobalSection
	GlobalSection(ExtensibilityGlobals) = postSolution
		SolutionGuid = {95ABE053-4ED6-4306-ABA3-074D764E03F0}
	EndGlobalSection
EndGlobal
